
Microsoft Visual Studio Solution File, Format Version 12.00
# Visual Studio Version 16
VisualStudioVersion = 16.0.30711.63
MinimumVisualStudioVersion = 10.0.40219.1
Project("{FAE04EC0-301F-11D3-BF4B-00C04F79EFBC}") = "PAPS LR7", "PAPS LR7\PAPS LR7.csproj", "{5992708C-689C-4C28-8E9D-135C4AA5BCF8}"
EndProject
Global
	GlobalSection(SolutionConfigurationPlatforms) = preSolution
		Debug|Any CPU = Debug|Any CPU
		Release|Any CPU = Release|Any CPU
	EndGlobalSection
	GlobalSection(ProjectConfigurationPlatforms) = postSolution
		{5992708C-689C-4C28-8E9D-135C4AA5BCF8}.Debug|Any CPU.ActiveCfg = Debug|Any CPU
		{5992708C-689C-4C28-8E9D-135C4AA5BCF8}.Debug|Any CPU.Build.0 = Debug|Any CPU
		{5992708C-689C-4C28-8E9D-135C4AA5BCF8}.Release|Any CPU.ActiveCfg = Release|Any CPU
		{5992708C-689C-4C28-8E9D-135C4AA5BCF8}.Release|Any CPU.Build.0 = Release|Any CPU
	EndGlobalSection
	GlobalSection(SolutionProperties) = preSolution
		HideSolutionNode = FALSE
	EndGlobalSection
	GlobalSection(ExtensibilityGlobals) = postSolution
		SolutionGuid = {385FBE23-6B95-4C03-AD5C-235B66E18F9F}
	EndGlobalSection
EndGlobal
