
Microsoft Visual Studio Solution File, Format Version 12.00
# Visual Studio Version 16
VisualStudioVersion = 16.0.30711.63
MinimumVisualStudioVersion = 10.0.40219.1
Project("{FAE04EC0-301F-11D3-BF4B-00C04F79EFBC}") = "PAPS LR6 Client", "PAPS LR6 Client\PAPS LR6 Client.csproj", "{224AA092-48FB-4061-8DC7-75D985C09A8F}"
EndProject
Global
	GlobalSection(SolutionConfigurationPlatforms) = preSolution
		Debug|Any CPU = Debug|Any CPU
		Release|Any CPU = Release|Any CPU
	EndGlobalSection
	GlobalSection(ProjectConfigurationPlatforms) = postSolution
		{224AA092-48FB-4061-8DC7-75D985C09A8F}.Debug|Any CPU.ActiveCfg = Debug|Any CPU
		{224AA092-48FB-4061-8DC7-75D985C09A8F}.Debug|Any CPU.Build.0 = Debug|Any CPU
		{224AA092-48FB-4061-8DC7-75D985C09A8F}.Release|Any CPU.ActiveCfg = Release|Any CPU
		{224AA092-48FB-4061-8DC7-75D985C09A8F}.Release|Any CPU.Build.0 = Release|Any CPU
	EndGlobalSection
	GlobalSection(SolutionProperties) = preSolution
		HideSolutionNode = FALSE
	EndGlobalSection
	GlobalSection(ExtensibilityGlobals) = postSolution
		SolutionGuid = {0D5ED9C6-15EE-4880-8FB3-5F28FA255437}
	EndGlobalSection
EndGlobal
