
Microsoft Visual Studio Solution File, Format Version 12.00
# Visual Studio Version 16
VisualStudioVersion = 16.0.30711.63
MinimumVisualStudioVersion = 10.0.40219.1
Project("{FAE04EC0-301F-11D3-BF4B-00C04F79EFBC}") = "PiAPS LR2", "PiAPS LR2\PiAPS LR2.csproj", "{921C453B-5848-4D30-90DE-FD341B64869F}"
EndProject
Global
	GlobalSection(SolutionConfigurationPlatforms) = preSolution
		Debug|Any CPU = Debug|Any CPU
		Release|Any CPU = Release|Any CPU
	EndGlobalSection
	GlobalSection(ProjectConfigurationPlatforms) = postSolution
		{921C453B-5848-4D30-90DE-FD341B64869F}.Debug|Any CPU.ActiveCfg = Debug|Any CPU
		{921C453B-5848-4D30-90DE-FD341B64869F}.Debug|Any CPU.Build.0 = Debug|Any CPU
		{921C453B-5848-4D30-90DE-FD341B64869F}.Release|Any CPU.ActiveCfg = Release|Any CPU
		{921C453B-5848-4D30-90DE-FD341B64869F}.Release|Any CPU.Build.0 = Release|Any CPU
	EndGlobalSection
	GlobalSection(SolutionProperties) = preSolution
		HideSolutionNode = FALSE
	EndGlobalSection
	GlobalSection(ExtensibilityGlobals) = postSolution
		SolutionGuid = {F5BF4332-78F6-439C-BF09-51568B701F43}
	EndGlobalSection
EndGlobal
